
Microsoft Visual Studio Solution File, Format Version 12.00
# Visual Studio 15
VisualStudioVersion = 15.0.26730.3
MinimumVisualStudioVersion = 10.0.40219.1
Project("{FAE04EC0-301F-11D3-BF4B-00C04F79EFBC}") = "FileNameGetter", "FileGetter\FileNameGetter.csproj", "{E177CD60-4074-4AEA-807C-B680D1AAE48F}"
EndProject
Global
	GlobalSection(SolutionConfigurationPlatforms) = preSolution
		Debug|Any CPU = Debug|Any CPU
		Release|Any CPU = Release|Any CPU
	EndGlobalSection
	GlobalSection(ProjectConfigurationPlatforms) = postSolution
		{E177CD60-4074-4AEA-807C-B680D1AAE48F}.Debug|Any CPU.ActiveCfg = Debug|Any CPU
		{E177CD60-4074-4AEA-807C-B680D1AAE48F}.Debug|Any CPU.Build.0 = Debug|Any CPU
		{E177CD60-4074-4AEA-807C-B680D1AAE48F}.Release|Any CPU.ActiveCfg = Release|Any CPU
		{E177CD60-4074-4AEA-807C-B680D1AAE48F}.Release|Any CPU.Build.0 = Release|Any CPU
	EndGlobalSection
	GlobalSection(SolutionProperties) = preSolution
		HideSolutionNode = FALSE
	EndGlobalSection
	GlobalSection(ExtensibilityGlobals) = postSolution
		SolutionGuid = {CCA4EB8A-6A5E-409D-AF01-365F34E9A24D}
	EndGlobalSection
EndGlobal
